
Microsoft Visual Studio Solution File, Format Version 12.00
# Visual Studio Version 17
VisualStudioVersion = 17.0.32112.339
MinimumVisualStudioVersion = 10.0.40219.1
Project("{FAE04EC0-301F-11D3-BF4B-00C04F79EFBC}") = "MyCalc", "MyCalc\MyCalc.csproj", "{14D31C93-E0DE-4D6E-9F9D-2B2EC48D36B6}"
EndProject
Global
	GlobalSection(SolutionConfigurationPlatforms) = preSolution
		Debug|Any CPU = Debug|Any CPU
		Release|Any CPU = Release|Any CPU
	EndGlobalSection
	GlobalSection(ProjectConfigurationPlatforms) = postSolution
		{14D31C93-E0DE-4D6E-9F9D-2B2EC48D36B6}.Debug|Any CPU.ActiveCfg = Debug|Any CPU
		{14D31C93-E0DE-4D6E-9F9D-2B2EC48D36B6}.Debug|Any CPU.Build.0 = Debug|Any CPU
		{14D31C93-E0DE-4D6E-9F9D-2B2EC48D36B6}.Release|Any CPU.ActiveCfg = Release|Any CPU
		{14D31C93-E0DE-4D6E-9F9D-2B2EC48D36B6}.Release|Any CPU.Build.0 = Release|Any CPU
	EndGlobalSection
	GlobalSection(SolutionProperties) = preSolution
		HideSolutionNode = FALSE
	EndGlobalSection
	GlobalSection(ExtensibilityGlobals) = postSolution
		SolutionGuid = {B00589CD-695E-4FBA-8F30-76051D0E38A6}
	EndGlobalSection
EndGlobal
